
Microsoft Visual Studio Solution File, Format Version 12.00
# Visual Studio Version 17
VisualStudioVersion = 17.14.36109.1 d17.14
MinimumVisualStudioVersion = 10.0.40219.1
Project("{FAE04EC0-301F-11D3-BF4B-00C04F79EFBC}") = "WebApplication10", "WebApplication10\WebApplication10.csproj", "{3FEDB23A-03D6-4436-8BFC-A5AB59C0130A}"
EndProject
Global
	GlobalSection(SolutionConfigurationPlatforms) = preSolution
		Debug|Any CPU = Debug|Any CPU
		Release|Any CPU = Release|Any CPU
	EndGlobalSection
	GlobalSection(ProjectConfigurationPlatforms) = postSolution
		{3FEDB23A-03D6-4436-8BFC-A5AB59C0130A}.Debug|Any CPU.ActiveCfg = Debug|Any CPU
		{3FEDB23A-03D6-4436-8BFC-A5AB59C0130A}.Debug|Any CPU.Build.0 = Debug|Any CPU
		{3FEDB23A-03D6-4436-8BFC-A5AB59C0130A}.Release|Any CPU.ActiveCfg = Release|Any CPU
		{3FEDB23A-03D6-4436-8BFC-A5AB59C0130A}.Release|Any CPU.Build.0 = Release|Any CPU
	EndGlobalSection
	GlobalSection(SolutionProperties) = preSolution
		HideSolutionNode = FALSE
	EndGlobalSection
	GlobalSection(ExtensibilityGlobals) = postSolution
		SolutionGuid = {F7EA5D22-B2AE-4EEC-884F-34226CFB0B47}
	EndGlobalSection
EndGlobal
